
Microsoft Visual Studio Solution File, Format Version 12.00
# Visual Studio Version 17
VisualStudioVersion = 17.2.32317.152
MinimumVisualStudioVersion = 10.0.40219.1
Project("{FAE04EC0-301F-11D3-BF4B-00C04F79EFBC}") = "StepFitBackEnd", "StepFitBackEnd\StepFitBackEnd.csproj", "{4AE9F82E-0A82-419E-8F66-690F831FE69F}"
EndProject
Global
	GlobalSection(SolutionConfigurationPlatforms) = preSolution
		Debug|Any CPU = Debug|Any CPU
		Release|Any CPU = Release|Any CPU
	EndGlobalSection
	GlobalSection(ProjectConfigurationPlatforms) = postSolution
		{4AE9F82E-0A82-419E-8F66-690F831FE69F}.Debug|Any CPU.ActiveCfg = Debug|Any CPU
		{4AE9F82E-0A82-419E-8F66-690F831FE69F}.Debug|Any CPU.Build.0 = Debug|Any CPU
		{4AE9F82E-0A82-419E-8F66-690F831FE69F}.Release|Any CPU.ActiveCfg = Release|Any CPU
		{4AE9F82E-0A82-419E-8F66-690F831FE69F}.Release|Any CPU.Build.0 = Release|Any CPU
	EndGlobalSection
	GlobalSection(SolutionProperties) = preSolution
		HideSolutionNode = FALSE
	EndGlobalSection
	GlobalSection(ExtensibilityGlobals) = postSolution
		SolutionGuid = {562F938D-F140-4F00-85B3-9935AB17951F}
	EndGlobalSection
EndGlobal
